
Microsoft Visual Studio Solution File, Format Version 12.00
# Visual Studio Version 16
VisualStudioVersion = 16.0.29920.165
MinimumVisualStudioVersion = 10.0.40219.1
Project("{FAE04EC0-301F-11D3-BF4B-00C04F79EFBC}") = "LudoGame", "LudoGame\LudoGame.csproj", "{3FA34A16-8397-4492-8F0E-8A3DFEBA68A8}"
EndProject
Project("{FAE04EC0-301F-11D3-BF4B-00C04F79EFBC}") = "LudoCL", "LudoCL\LudoCL.csproj", "{28DBE5B3-EA0E-4250-89F4-0B3323E7E6B6}"
EndProject
Global
	GlobalSection(SolutionConfigurationPlatforms) = preSolution
		Debug|Any CPU = Debug|Any CPU
		Release|Any CPU = Release|Any CPU
	EndGlobalSection
	GlobalSection(ProjectConfigurationPlatforms) = postSolution
		{3FA34A16-8397-4492-8F0E-8A3DFEBA68A8}.Debug|Any CPU.ActiveCfg = Debug|Any CPU
		{3FA34A16-8397-4492-8F0E-8A3DFEBA68A8}.Debug|Any CPU.Build.0 = Debug|Any CPU
		{3FA34A16-8397-4492-8F0E-8A3DFEBA68A8}.Release|Any CPU.ActiveCfg = Release|Any CPU
		{3FA34A16-8397-4492-8F0E-8A3DFEBA68A8}.Release|Any CPU.Build.0 = Release|Any CPU
		{28DBE5B3-EA0E-4250-89F4-0B3323E7E6B6}.Debug|Any CPU.ActiveCfg = Debug|Any CPU
		{28DBE5B3-EA0E-4250-89F4-0B3323E7E6B6}.Debug|Any CPU.Build.0 = Debug|Any CPU
		{28DBE5B3-EA0E-4250-89F4-0B3323E7E6B6}.Release|Any CPU.ActiveCfg = Release|Any CPU
		{28DBE5B3-EA0E-4250-89F4-0B3323E7E6B6}.Release|Any CPU.Build.0 = Release|Any CPU
	EndGlobalSection
	GlobalSection(SolutionProperties) = preSolution
		HideSolutionNode = FALSE
	EndGlobalSection
	GlobalSection(ExtensibilityGlobals) = postSolution
		SolutionGuid = {EB1E41D6-F5C7-4202-A441-3A8E170A7CF8}
	EndGlobalSection
EndGlobal
